
Microsoft Visual Studio Solution File, Format Version 12.00
# Visual Studio Version 17
VisualStudioVersion = 17.3.32811.315
MinimumVisualStudioVersion = 10.0.40219.1
Project("{FAE04EC0-301F-11D3-BF4B-00C04F79EFBC}") = "NguyenNgocLoi_KtraFE", "NguyenNgocLoi_KtraFE\NguyenNgocLoi_KtraFE.csproj", "{8895476B-DAAE-437A-8DF1-5952230B48AB}"
EndProject
Global
	GlobalSection(SolutionConfigurationPlatforms) = preSolution
		Debug|Any CPU = Debug|Any CPU
		Release|Any CPU = Release|Any CPU
	EndGlobalSection
	GlobalSection(ProjectConfigurationPlatforms) = postSolution
		{8895476B-DAAE-437A-8DF1-5952230B48AB}.Debug|Any CPU.ActiveCfg = Debug|Any CPU
		{8895476B-DAAE-437A-8DF1-5952230B48AB}.Debug|Any CPU.Build.0 = Debug|Any CPU
		{8895476B-DAAE-437A-8DF1-5952230B48AB}.Release|Any CPU.ActiveCfg = Release|Any CPU
		{8895476B-DAAE-437A-8DF1-5952230B48AB}.Release|Any CPU.Build.0 = Release|Any CPU
	EndGlobalSection
	GlobalSection(SolutionProperties) = preSolution
		HideSolutionNode = FALSE
	EndGlobalSection
	GlobalSection(ExtensibilityGlobals) = postSolution
		SolutionGuid = {0CD734CB-2389-4070-97B8-FA2F95923D90}
	EndGlobalSection
EndGlobal
